{
    "_readme": [
        "This file locks the dependencies of your project to a known state",
        "Read more about it at https://getcomposer.org/doc/01-basic-usage.md#installing-dependencies",
        "This file is @generated automatically"
    ],
    "content-hash": "f81b076326a5cbac13788de8768ed86e",
    "packages": [
        {
            "name": "bramus/router",
            "version": "1.6.1",
            "source": {
                "type": "git",
                "url": "https://github.com/bramus/router.git",
                "reference": "55657b76da8a0a509250fb55b9dd24e1aa237eba"
            },
            "dist": {
                "type": "zip",
                "url": "https://api.github.com/repos/bramus/router/zipball/55657b76da8a0a509250fb55b9dd24e1aa237eba",
                "reference": "55657b76da8a0a509250fb55b9dd24e1aa237eba",
                "shasum": ""
            },
            "require": {
                "php": ">=5.3.0"
            },
            "require-dev": {
                "friendsofphp/php-cs-fixer": "~2.14",
                "phpunit/php-code-coverage": "~2.0",
                "phpunit/phpunit": "~4.8"
            },
            "type": "library",
            "autoload": {
                "psr-0": {
                    "Bramus": "src/"
                }
            },
            "notification-url": "https://packagist.org/downloads/",
            "license": [
                "MIT"
            ],
            "authors": [
                {
                    "name": "Bram(us) Van Damme",
                    "email": "bramus@bram.us",
                    "homepage": "http://www.bram.us"
                }
            ],
            "description": "A lightweight and simple object oriented PHP Router",
            "homepage": "https://github.com/bramus/router",
            "keywords": [
                "router",
                "routing"
            ],
            "support": {
                "issues": "https://github.com/bramus/router/issues",
                "source": "https://github.com/bramus/router/tree/1.6.1"
            },
            "time": "2021-11-18T19:24:07+00:00"
        },
        {
            "name": "josantonius/session",
            "version": "1.1.9",
            "source": {
                "type": "git",
                "url": "https://github.com/josantonius/php-session.git",
                "reference": "b393eb90c249ef0596e79e7cf9e5de39bad6fe91"
            },
            "dist": {
                "type": "zip",
                "url": "https://api.github.com/repos/josantonius/php-session/zipball/b393eb90c249ef0596e79e7cf9e5de39bad6fe91",
                "reference": "b393eb90c249ef0596e79e7cf9e5de39bad6fe91",
                "shasum": ""
            },
            "require": {
                "php": "^5.6 || ^7.0"
            },
            "require-dev": {
                "phpmd/phpmd": "^2.6",
                "phpunit/phpunit": "^5.7 || ^6.0",
                "squizlabs/php_codesniffer": "^3.7"
            },
            "type": "library",
            "extra": {
                "branch-alias": {
                    "dev-master": "1.0-dev"
                }
            },
            "autoload": {
                "psr-4": {
                    "Josantonius\\Session\\": "src/"
                }
            },
            "notification-url": "https://packagist.org/downloads/",
            "license": [
                "MIT"
            ],
            "authors": [
                {
                    "name": "Josantonius",
                    "email": "hello@josantonius.dev",
                    "homepage": "https://josantonius.dev",
                    "role": "Developer"
                }
            ],
            "description": "PHP library for handling sessions.",
            "keywords": [
                "php",
                "session"
            ],
            "support": {
                "forum": "http://stackoverflow.com/tags/josantonius/php-session",
                "issues": "https://github.com/josantonius/php-session/issues",
                "source": "https://github.com/josantonius/php-session"
            },
            "funding": [
                {
                    "url": "https://github.com/Josantonius",
                    "type": "github"
                }
            ],
            "time": "2022-06-21T11:31:18+00:00"
        }
    ],
    "packages-dev": [],
    "aliases": [],
    "minimum-stability": "stable",
    "stability-flags": [],
    "prefer-stable": false,
    "prefer-lowest": false,
    "platform": [],
    "platform-dev": [],
    "plugin-api-version": "2.3.0"
}
